
Microsoft Visual Studio Solution File, Format Version 12.00
# Visual Studio Version 17
VisualStudioVersion = 17.7.34031.279
MinimumVisualStudioVersion = 10.0.40219.1
Project("{9A19103F-16F7-4668-BE54-9A1E7A4F7556}") = "chatbot_ludo.Common", "chatbot_ludo.Common\chatbot_ludo.Common.csproj", "{19344833-7D20-4D4D-BCD2-5EC51E2C6C79}"
EndProject
Project("{2150E333-8FDC-42A3-9474-1A3956D46DE8}") = "Backend", "Backend", "{14C2B77E-94A5-47CF-92AA-446CB8D4592C}"
EndProject
Project("{2150E333-8FDC-42A3-9474-1A3956D46DE8}") = "Frontend", "Frontend", "{887DE6F1-EA3C-4156-A399-303C1AD709AD}"
EndProject
Project("{9A19103F-16F7-4668-BE54-9A1E7A4F7556}") = "chatbot_ludo.Web", "chatbot_ludo.Web\chatbot_ludo.Web.csproj", "{D7B3ABDC-629F-4DE2-8A19-86E2BAFCC9AE}"
EndProject
Project("{2150E333-8FDC-42A3-9474-1A3956D46DE8}") = "MAUI", "MAUI", "{3E587DCB-13B8-42B8-8167-DCC5F27147D9}"
EndProject
Project("{FAE04EC0-301F-11D3-BF4B-00C04F79EFBC}") = "chatbot_ludo.UIMAUI", "chatbot_ludo.UIMAUI\chatbot_ludo.UIMAUI.csproj", "{A9733665-48C6-49E8-9576-8BE5E80C6977}"
EndProject
Global
	GlobalSection(SolutionConfigurationPlatforms) = preSolution
		Debug|Any CPU = Debug|Any CPU
		Debug|iPhone = Debug|iPhone
		Debug|iPhoneSimulator = Debug|iPhoneSimulator
		Release|Any CPU = Release|Any CPU
		Release|iPhone = Release|iPhone
		Release|iPhoneSimulator = Release|iPhoneSimulator
	EndGlobalSection
	GlobalSection(ProjectConfigurationPlatforms) = postSolution
		{19344833-7D20-4D4D-BCD2-5EC51E2C6C79}.Debug|Any CPU.ActiveCfg = Debug|Any CPU
		{19344833-7D20-4D4D-BCD2-5EC51E2C6C79}.Debug|Any CPU.Build.0 = Debug|Any CPU
		{19344833-7D20-4D4D-BCD2-5EC51E2C6C79}.Debug|iPhone.ActiveCfg = Debug|Any CPU
		{19344833-7D20-4D4D-BCD2-5EC51E2C6C79}.Debug|iPhone.Build.0 = Debug|Any CPU
		{19344833-7D20-4D4D-BCD2-5EC51E2C6C79}.Debug|iPhoneSimulator.ActiveCfg = Debug|Any CPU
		{19344833-7D20-4D4D-BCD2-5EC51E2C6C79}.Debug|iPhoneSimulator.Build.0 = Debug|Any CPU
		{19344833-7D20-4D4D-BCD2-5EC51E2C6C79}.Release|Any CPU.ActiveCfg = Release|Any CPU
		{19344833-7D20-4D4D-BCD2-5EC51E2C6C79}.Release|Any CPU.Build.0 = Release|Any CPU
		{19344833-7D20-4D4D-BCD2-5EC51E2C6C79}.Release|iPhone.ActiveCfg = Release|Any CPU
		{19344833-7D20-4D4D-BCD2-5EC51E2C6C79}.Release|iPhone.Build.0 = Release|Any CPU
		{19344833-7D20-4D4D-BCD2-5EC51E2C6C79}.Release|iPhoneSimulator.ActiveCfg = Release|Any CPU
		{19344833-7D20-4D4D-BCD2-5EC51E2C6C79}.Release|iPhoneSimulator.Build.0 = Release|Any CPU
		{D7B3ABDC-629F-4DE2-8A19-86E2BAFCC9AE}.Debug|Any CPU.ActiveCfg = Debug|Any CPU
		{D7B3ABDC-629F-4DE2-8A19-86E2BAFCC9AE}.Debug|Any CPU.Build.0 = Debug|Any CPU
		{D7B3ABDC-629F-4DE2-8A19-86E2BAFCC9AE}.Debug|iPhone.ActiveCfg = Debug|Any CPU
		{D7B3ABDC-629F-4DE2-8A19-86E2BAFCC9AE}.Debug|iPhone.Build.0 = Debug|Any CPU
		{D7B3ABDC-629F-4DE2-8A19-86E2BAFCC9AE}.Debug|iPhoneSimulator.ActiveCfg = Debug|Any CPU
		{D7B3ABDC-629F-4DE2-8A19-86E2BAFCC9AE}.Debug|iPhoneSimulator.Build.0 = Debug|Any CPU
		{D7B3ABDC-629F-4DE2-8A19-86E2BAFCC9AE}.Release|Any CPU.ActiveCfg = Release|Any CPU
		{D7B3ABDC-629F-4DE2-8A19-86E2BAFCC9AE}.Release|Any CPU.Build.0 = Release|Any CPU
		{D7B3ABDC-629F-4DE2-8A19-86E2BAFCC9AE}.Release|iPhone.ActiveCfg = Release|Any CPU
		{D7B3ABDC-629F-4DE2-8A19-86E2BAFCC9AE}.Release|iPhone.Build.0 = Release|Any CPU
		{D7B3ABDC-629F-4DE2-8A19-86E2BAFCC9AE}.Release|iPhoneSimulator.ActiveCfg = Release|Any CPU
		{D7B3ABDC-629F-4DE2-8A19-86E2BAFCC9AE}.Release|iPhoneSimulator.Build.0 = Release|Any CPU
		{A9733665-48C6-49E8-9576-8BE5E80C6977}.Debug|Any CPU.ActiveCfg = Debug|Any CPU
		{A9733665-48C6-49E8-9576-8BE5E80C6977}.Debug|Any CPU.Build.0 = Debug|Any CPU
		{A9733665-48C6-49E8-9576-8BE5E80C6977}.Debug|Any CPU.Deploy.0 = Debug|Any CPU
		{A9733665-48C6-49E8-9576-8BE5E80C6977}.Debug|iPhone.ActiveCfg = Debug|Any CPU
		{A9733665-48C6-49E8-9576-8BE5E80C6977}.Debug|iPhone.Build.0 = Debug|Any CPU
		{A9733665-48C6-49E8-9576-8BE5E80C6977}.Debug|iPhone.Deploy.0 = Debug|Any CPU
		{A9733665-48C6-49E8-9576-8BE5E80C6977}.Debug|iPhoneSimulator.ActiveCfg = Debug|Any CPU
		{A9733665-48C6-49E8-9576-8BE5E80C6977}.Debug|iPhoneSimulator.Build.0 = Debug|Any CPU
		{A9733665-48C6-49E8-9576-8BE5E80C6977}.Debug|iPhoneSimulator.Deploy.0 = Debug|Any CPU
		{A9733665-48C6-49E8-9576-8BE5E80C6977}.Release|Any CPU.ActiveCfg = Release|Any CPU
		{A9733665-48C6-49E8-9576-8BE5E80C6977}.Release|Any CPU.Build.0 = Release|Any CPU
		{A9733665-48C6-49E8-9576-8BE5E80C6977}.Release|Any CPU.Deploy.0 = Release|Any CPU
		{A9733665-48C6-49E8-9576-8BE5E80C6977}.Release|iPhone.ActiveCfg = Release|Any CPU
		{A9733665-48C6-49E8-9576-8BE5E80C6977}.Release|iPhone.Build.0 = Release|Any CPU
		{A9733665-48C6-49E8-9576-8BE5E80C6977}.Release|iPhone.Deploy.0 = Release|Any CPU
		{A9733665-48C6-49E8-9576-8BE5E80C6977}.Release|iPhoneSimulator.ActiveCfg = Release|Any CPU
		{A9733665-48C6-49E8-9576-8BE5E80C6977}.Release|iPhoneSimulator.Build.0 = Release|Any CPU
		{A9733665-48C6-49E8-9576-8BE5E80C6977}.Release|iPhoneSimulator.Deploy.0 = Release|Any CPU
	EndGlobalSection
	GlobalSection(SolutionProperties) = preSolution
		HideSolutionNode = FALSE
	EndGlobalSection
	GlobalSection(NestedProjects) = preSolution
		{D7B3ABDC-629F-4DE2-8A19-86E2BAFCC9AE} = {14C2B77E-94A5-47CF-92AA-446CB8D4592C}
		{3E587DCB-13B8-42B8-8167-DCC5F27147D9} = {887DE6F1-EA3C-4156-A399-303C1AD709AD}
		{A9733665-48C6-49E8-9576-8BE5E80C6977} = {3E587DCB-13B8-42B8-8167-DCC5F27147D9}
	EndGlobalSection
	GlobalSection(ExtensibilityGlobals) = postSolution
		SolutionGuid = {6A352F32-6136-43A2-AA52-0C0639757CF8}
	EndGlobalSection
EndGlobal
